
Microsoft Visual Studio Solution File, Format Version 12.00
# Visual Studio Version 17
VisualStudioVersion = 17.6.33829.357
MinimumVisualStudioVersion = 10.0.40219.1
Project("{9A19103F-16F7-4668-BE54-9A1E7A4F7556}") = "StationeryStoreManagementSystem", "StationeryStoreManagementSystem.csproj", "{432834D2-C990-4047-8755-79465F3ABC9C}"
EndProject
Project("{FAE04EC0-301F-11D3-BF4B-00C04F79EFBC}") = "CrystalReportApp", "Subprojects\CrystalReportApp\CrystalReportApp.csproj", "{9927BD08-22E8-41F4-96FF-6B51729373E9}"
EndProject
Global
	GlobalSection(SolutionConfigurationPlatforms) = preSolution
		Debug|Any CPU = Debug|Any CPU
		Debug|x64 = Debug|x64
		Release|Any CPU = Release|Any CPU
		Release|x64 = Release|x64
	EndGlobalSection
	GlobalSection(ProjectConfigurationPlatforms) = postSolution
		{432834D2-C990-4047-8755-79465F3ABC9C}.Debug|Any CPU.ActiveCfg = Debug|Any CPU
		{432834D2-C990-4047-8755-79465F3ABC9C}.Debug|Any CPU.Build.0 = Debug|Any CPU
		{432834D2-C990-4047-8755-79465F3ABC9C}.Debug|x64.ActiveCfg = Debug|x64
		{432834D2-C990-4047-8755-79465F3ABC9C}.Debug|x64.Build.0 = Debug|x64
		{432834D2-C990-4047-8755-79465F3ABC9C}.Release|Any CPU.ActiveCfg = Release|x64
		{432834D2-C990-4047-8755-79465F3ABC9C}.Release|x64.ActiveCfg = Release|x64
		{432834D2-C990-4047-8755-79465F3ABC9C}.Release|x64.Build.0 = Release|x64
		{9927BD08-22E8-41F4-96FF-6B51729373E9}.Debug|Any CPU.ActiveCfg = Debug|Any CPU
		{9927BD08-22E8-41F4-96FF-6B51729373E9}.Debug|Any CPU.Build.0 = Debug|Any CPU
		{9927BD08-22E8-41F4-96FF-6B51729373E9}.Debug|x64.ActiveCfg = Debug|Any CPU
		{9927BD08-22E8-41F4-96FF-6B51729373E9}.Debug|x64.Build.0 = Debug|Any CPU
		{9927BD08-22E8-41F4-96FF-6B51729373E9}.Release|Any CPU.ActiveCfg = Release|Any CPU
		{9927BD08-22E8-41F4-96FF-6B51729373E9}.Release|Any CPU.Build.0 = Release|Any CPU
		{9927BD08-22E8-41F4-96FF-6B51729373E9}.Release|x64.ActiveCfg = Release|Any CPU
		{9927BD08-22E8-41F4-96FF-6B51729373E9}.Release|x64.Build.0 = Release|Any CPU
	EndGlobalSection
	GlobalSection(SolutionProperties) = preSolution
		HideSolutionNode = FALSE
	EndGlobalSection
	GlobalSection(ExtensibilityGlobals) = postSolution
		SolutionGuid = {888904E4-1E83-405F-8C4B-A33851C1BC37}
	EndGlobalSection
EndGlobal
