
Microsoft Visual Studio Solution File, Format Version 12.00
# Visual Studio Version 17
VisualStudioVersion = 17.6.33829.357
MinimumVisualStudioVersion = 10.0.40219.1
Project("{9A19103F-16F7-4668-BE54-9A1E7A4F7556}") = "StationeryStoreManagementSystem", "StationeryStoreManagementSystem.csproj", "{432834D2-C990-4047-8755-79465F3ABC9C}"
EndProject
Global
	GlobalSection(SolutionConfigurationPlatforms) = preSolution
		Debug|Any CPU = Debug|Any CPU
		Release|Any CPU = Release|Any CPU
	EndGlobalSection
	GlobalSection(ProjectConfigurationPlatforms) = postSolution
		{432834D2-C990-4047-8755-79465F3ABC9C}.Debug|Any CPU.ActiveCfg = Debug|Any CPU
		{432834D2-C990-4047-8755-79465F3ABC9C}.Debug|Any CPU.Build.0 = Debug|Any CPU
		{432834D2-C990-4047-8755-79465F3ABC9C}.Release|Any CPU.ActiveCfg = Release|Any CPU
		{432834D2-C990-4047-8755-79465F3ABC9C}.Release|Any CPU.Build.0 = Release|Any CPU
	EndGlobalSection
	GlobalSection(SolutionProperties) = preSolution
		HideSolutionNode = FALSE
	EndGlobalSection
	GlobalSection(ExtensibilityGlobals) = postSolution
		SolutionGuid = {888904E4-1E83-405F-8C4B-A33851C1BC37}
	EndGlobalSection
EndGlobal
